{
  "pins" : [
    {
      "identity" : "poc-package",
      "kind" : "remoteSourceControl",
      "location" : "https://github.com/veena-ram/poc-package",
      "state" : {
        "branch" : "master",
        "revision" : "c366e4a0518379ed6ee9d0d71d6a7768e0645bb3"
      }
    }
  ],
  "version" : 2
}
